
Microsoft Visual Studio Solution File, Format Version 12.00
# Visual Studio Version 16
VisualStudioVersion = 16.0.30204.135
MinimumVisualStudioVersion = 10.0.40219.1
Project("{9A19103F-16F7-4668-BE54-9A1E7A4F7556}") = "MarbleTracker.Identity.Web", "src\MarbleTracker.Identity.Web\MarbleTracker.Identity.Web.csproj", "{0E352723-EE97-4625-B596-1A65FCB14830}"
EndProject
Project("{9A19103F-16F7-4668-BE54-9A1E7A4F7556}") = "MarbleTracker.Identity.Data", "src\MarbleTracker.Identity.Data\MarbleTracker.Identity.Data.csproj", "{02D1B68D-5A03-4668-9772-652555B42159}"
EndProject
Project("{9A19103F-16F7-4668-BE54-9A1E7A4F7556}") = "MarbleTracker.Crypto", "src\MarbleTracker.Crypto\MarbleTracker.Crypto.csproj", "{F6010F6C-8F9D-4694-853E-65FC15DF40BB}"
EndProject
Project("{9A19103F-16F7-4668-BE54-9A1E7A4F7556}") = "MarbleTracker.Core.Web", "src\MarbleTracker.Core.Web\MarbleTracker.Core.Web.csproj", "{461AB5DF-4DA0-4D7F-907A-67A9C101B18E}"
EndProject
Project("{FAE04EC0-301F-11D3-BF4B-00C04F79EFBC}") = "MarbleTracker.Core.Data", "MarbleTracker.Core.Data\MarbleTracker.Core.Data.csproj", "{29998211-C711-4905-BFC6-CAA8F8CC14FD}"
EndProject
Project("{FAE04EC0-301F-11D3-BF4B-00C04F79EFBC}") = "MarbleTracker.Core.Service", "MarbleTracker.Core.Service\MarbleTracker.Core.Service.csproj", "{7C4981A5-512C-47A9-AEE6-A58E3ADFEAB7}"
EndProject
Project("{FAE04EC0-301F-11D3-BF4B-00C04F79EFBC}") = "MarbleTracker.Core.Service.Test", "src\MarbleTracker.Core.Service.Test\MarbleTracker.Core.Service.Test.csproj", "{27660286-B64D-4B8C-926E-64CDC7B8482E}"
EndProject
Global
	GlobalSection(SolutionConfigurationPlatforms) = preSolution
		Debug|Any CPU = Debug|Any CPU
		Release|Any CPU = Release|Any CPU
	EndGlobalSection
	GlobalSection(ProjectConfigurationPlatforms) = postSolution
		{0E352723-EE97-4625-B596-1A65FCB14830}.Debug|Any CPU.ActiveCfg = Debug|Any CPU
		{0E352723-EE97-4625-B596-1A65FCB14830}.Debug|Any CPU.Build.0 = Debug|Any CPU
		{0E352723-EE97-4625-B596-1A65FCB14830}.Release|Any CPU.ActiveCfg = Release|Any CPU
		{0E352723-EE97-4625-B596-1A65FCB14830}.Release|Any CPU.Build.0 = Release|Any CPU
		{02D1B68D-5A03-4668-9772-652555B42159}.Debug|Any CPU.ActiveCfg = Debug|Any CPU
		{02D1B68D-5A03-4668-9772-652555B42159}.Debug|Any CPU.Build.0 = Debug|Any CPU
		{02D1B68D-5A03-4668-9772-652555B42159}.Release|Any CPU.ActiveCfg = Release|Any CPU
		{02D1B68D-5A03-4668-9772-652555B42159}.Release|Any CPU.Build.0 = Release|Any CPU
		{F6010F6C-8F9D-4694-853E-65FC15DF40BB}.Debug|Any CPU.ActiveCfg = Debug|Any CPU
		{F6010F6C-8F9D-4694-853E-65FC15DF40BB}.Debug|Any CPU.Build.0 = Debug|Any CPU
		{F6010F6C-8F9D-4694-853E-65FC15DF40BB}.Release|Any CPU.ActiveCfg = Release|Any CPU
		{F6010F6C-8F9D-4694-853E-65FC15DF40BB}.Release|Any CPU.Build.0 = Release|Any CPU
		{461AB5DF-4DA0-4D7F-907A-67A9C101B18E}.Debug|Any CPU.ActiveCfg = Debug|Any CPU
		{461AB5DF-4DA0-4D7F-907A-67A9C101B18E}.Debug|Any CPU.Build.0 = Debug|Any CPU
		{461AB5DF-4DA0-4D7F-907A-67A9C101B18E}.Release|Any CPU.ActiveCfg = Release|Any CPU
		{461AB5DF-4DA0-4D7F-907A-67A9C101B18E}.Release|Any CPU.Build.0 = Release|Any CPU
		{29998211-C711-4905-BFC6-CAA8F8CC14FD}.Debug|Any CPU.ActiveCfg = Debug|Any CPU
		{29998211-C711-4905-BFC6-CAA8F8CC14FD}.Debug|Any CPU.Build.0 = Debug|Any CPU
		{29998211-C711-4905-BFC6-CAA8F8CC14FD}.Release|Any CPU.ActiveCfg = Release|Any CPU
		{29998211-C711-4905-BFC6-CAA8F8CC14FD}.Release|Any CPU.Build.0 = Release|Any CPU
		{7C4981A5-512C-47A9-AEE6-A58E3ADFEAB7}.Debug|Any CPU.ActiveCfg = Debug|Any CPU
		{7C4981A5-512C-47A9-AEE6-A58E3ADFEAB7}.Debug|Any CPU.Build.0 = Debug|Any CPU
		{7C4981A5-512C-47A9-AEE6-A58E3ADFEAB7}.Release|Any CPU.ActiveCfg = Release|Any CPU
		{7C4981A5-512C-47A9-AEE6-A58E3ADFEAB7}.Release|Any CPU.Build.0 = Release|Any CPU
		{27660286-B64D-4B8C-926E-64CDC7B8482E}.Debug|Any CPU.ActiveCfg = Debug|Any CPU
		{27660286-B64D-4B8C-926E-64CDC7B8482E}.Debug|Any CPU.Build.0 = Debug|Any CPU
		{27660286-B64D-4B8C-926E-64CDC7B8482E}.Release|Any CPU.ActiveCfg = Release|Any CPU
		{27660286-B64D-4B8C-926E-64CDC7B8482E}.Release|Any CPU.Build.0 = Release|Any CPU
	EndGlobalSection
	GlobalSection(SolutionProperties) = preSolution
		HideSolutionNode = FALSE
	EndGlobalSection
	GlobalSection(ExtensibilityGlobals) = postSolution
		SolutionGuid = {AACC6001-538E-4C9C-8F08-00E21778A537}
	EndGlobalSection
EndGlobal
